<?xml version="1.0" encoding="utf-8"?>
<Project ToolsVersion="4.0" xmlns="http://schemas.microsoft.com/developer/msbuild/2003">
  <ItemGroup>
    <Filter Include="Resource Files">
      <UniqueIdentifier>{67DA6AB6-F800-4c08-8B7A-83BB121AAD01}</UniqueIdentifier>
      <Extensions>rc;ico;cur;bmp;dlg;rc2;rct;bin;rgs;gif;jpg;jpeg;jpe;resx;tiff;tif;png;wav;mfcribbon-ms</Extensions>
    </Filter>
    <Filter Include="Source">
      <UniqueIdentifier>{07d5ec72-ff8c-4707-9ab9-b8f46ec2f393}</UniqueIdentifier>
    </Filter>
    <Filter Include="Source\Error Handling">
      <UniqueIdentifier>{b1e21e24-5297-43ee-a323-34629b773738}</UniqueIdentifier>
    </Filter>
    <Filter Include="Source\Other">
      <UniqueIdentifier>{12085802-77b6-4f9a-8372-7893b33aa6af}</UniqueIdentifier>
    </Filter>
    <Filter Include="Source\Shaders">
      <UniqueIdentifier>{3234733c-84d7-4fed-ac68-621c93827f6e}</UniqueIdentifier>
    </Filter>
    <Filter Include="Source\Window">
      <UniqueIdentifier>{ef2bea92-d826-4691-a6d7-5d44b04f181f}</UniqueIdentifier>
    </Filter>
    <Filter Include="Source\DirectX Stuff">
      <UniqueIdentifier>{7cf83cd4-f962-435d-9afb-a3e19b5e0bb7}</UniqueIdentifier>
    </Filter>
    <Filter Include="Source\DirectX Stuff\Bindable">
      <UniqueIdentifier>{72112545-d404-4a58-9c20-f5da62ff54a9}</UniqueIdentifier>
    </Filter>
  </ItemGroup>
  <ItemGroup>
    <ResourceCompile Include="SoupEngine.rc">
      <Filter>Resource Files</Filter>
    </ResourceCompile>
  </ItemGroup>
  <ItemGroup>
    <Image Include="..\..\Assets\SoupEngineIcon.ico">
      <Filter>Resource Files</Filter>
    </Image>
    <Image Include="..\..\Assets\kappa50.png">
      <Filter>Resource Files</Filter>
    </Image>
  </ItemGroup>
  <ItemGroup>
    <ClCompile Include="Source\Application.cpp">
      <Filter>Source</Filter>
    </ClCompile>
    <ClCompile Include="Source\Main.cpp">
      <Filter>Source</Filter>
    </ClCompile>
    <ClCompile Include="Source\Error Handling\dxerr.cpp">
      <Filter>Source\Error Handling</Filter>
    </ClCompile>
    <ClCompile Include="Source\Error Handling\DXGIInfoManager.cpp">
      <Filter>Source\Error Handling</Filter>
    </ClCompile>
    <ClCompile Include="Source\Error Handling\SoupException.cpp">
      <Filter>Source\Error Handling</Filter>
    </ClCompile>
    <ClCompile Include="Source\Other\SoupTimer.cpp">
      <Filter>Source\Other</Filter>
    </ClCompile>
    <ClCompile Include="Source\Window\Keyboard.cpp">
      <Filter>Source\Window</Filter>
    </ClCompile>
    <ClCompile Include="Source\Window\Mouse.cpp">
      <Filter>Source\Window</Filter>
    </ClCompile>
    <ClCompile Include="Source\Window\Window.cpp">
      <Filter>Source\Window</Filter>
    </ClCompile>
    <ClCompile Include="Source\DirectXStuff\Graphics.cpp">
      <Filter>Source\DirectX Stuff</Filter>
    </ClCompile>
    <ClCompile Include="Source\DirectXStuff\Bindable\Bindable.cpp" />
    <ClCompile Include="Source\DirectXStuff\Bindable\IndexBuffer.cpp" />
    <ClCompile Include="Source\DirectXStuff\Bindable\InputLayout.cpp" />
    <ClCompile Include="Source\DirectXStuff\Bindable\PixelShader.cpp" />
    <ClCompile Include="Source\DirectXStuff\Bindable\Topology.cpp" />
    <ClCompile Include="Source\DirectXStuff\Bindable\TransformCBuffer.cpp" />
    <ClCompile Include="Source\DirectXStuff\Bindable\VertexBuffer.cpp" />
    <ClCompile Include="Source\DirectXStuff\Bindable\VertexShader.cpp" />
    <ClCompile Include="Source\DirectXStuff\Bindable\ConstantBuffer.cpp" />
    <ClCompile Include="Source\DirectXStuff\Drawable\Drawable.cpp" />
    <ClCompile Include="Source\DirectXStuff\Drawable\Box.cpp" />
    <ClCompile Include="Source\Error Handling\Exceptions.cpp" />
    <ClCompile Include="Source\DirectXStuff\Drawable\Pyramid.cpp" />
    <ClCompile Include="Source\DirectXStuff\Drawable\BindableBase.cpp" />
    <ClCompile Include="Source\DirectXStuff\Drawable\Melon.cpp" />
    <ClCompile Include="Source\DirectXStuff\Textures\Surface.cpp" />
    <ClCompile Include="Source\DirectXStuff\Textures\GDIPlusManager.cpp" />
    <ClCompile Include="Source\DirectXStuff\Bindable\Texture.cpp" />
    <ClCompile Include="Source\DirectXStuff\Bindable\Sampler.cpp" />
    <ClCompile Include="Source\DirectXStuff\Drawable\Sheet.cpp" />
    <ClCompile Include="Source\Error Handling\SurfaceException.cpp" />
    <ClCompile Include="Source\DirectXStuff\Drawable\SkinnedBox.cpp" />
    <ClCompile Include="Source\ImGui\imgui.cpp" />
    <ClCompile Include="Source\ImGui\imgui_demo.cpp" />
    <ClCompile Include="Source\ImGui\imgui_draw.cpp" />
    <ClCompile Include="Source\ImGui\imgui_widgets.cpp" />
    <ClCompile Include="Source\ImGui\ImguiManager.cpp" />
    <ClCompile Include="Source\ImGui\imgui_impl_win32.cpp" />
    <ClCompile Include="Source\ImGui\imgui_impl_dx11.cpp" />
    <ClCompile Include="Source\Other\Camera.cpp" />
  </ItemGroup>
  <ItemGroup>
    <ClInclude Include="Source\Application.h">
      <Filter>Source</Filter>
    </ClInclude>
    <ClInclude Include="Source\resource.h">
      <Filter>Source</Filter>
    </ClInclude>
    <ClInclude Include="Source\Error Handling\dxerr.h">
      <Filter>Source\Error Handling</Filter>
    </ClInclude>
    <ClInclude Include="Source\Error Handling\DXGIInfoManager.h">
      <Filter>Source\Error Handling</Filter>
    </ClInclude>
    <ClInclude Include="Source\Error Handling\GraphicsErrorMacros.h">
      <Filter>Source\Error Handling</Filter>
    </ClInclude>
    <ClInclude Include="Source\Error Handling\SoupException.h">
      <Filter>Source\Error Handling</Filter>
    </ClInclude>
    <ClInclude Include="Source\Error Handling\WindowErrorMacros.h">
      <Filter>Source\Error Handling</Filter>
    </ClInclude>
    <ClInclude Include="Source\Other\SoupTimer.h">
      <Filter>Source\Other</Filter>
    </ClInclude>
    <ClInclude Include="Source\Window\Keyboard.h">
      <Filter>Source\Window</Filter>
    </ClInclude>
    <ClInclude Include="Source\Window\Mouse.h">
      <Filter>Source\Window</Filter>
    </ClInclude>
    <ClInclude Include="Source\Window\Window.h">
      <Filter>Source\Window</Filter>
    </ClInclude>
    <ClInclude Include="Source\Window\WindowsMacroUndefs.h">
      <Filter>Source\Window</Filter>
    </ClInclude>
    <ClInclude Include="Source\DirectXStuff\Graphics.h">
      <Filter>Source\DirectX Stuff</Filter>
    </ClInclude>
    <ClInclude Include="Source\DirectXStuff\Bindable\Bindable.h" />
    <ClInclude Include="Source\DirectXStuff\Bindable\IndexBuffer.h" />
    <ClInclude Include="Source\DirectXStuff\Bindable\InputLayout.h" />
    <ClInclude Include="Source\DirectXStuff\Bindable\PixelShader.h" />
    <ClInclude Include="Source\DirectXStuff\Bindable\VertexShader.h" />
    <ClInclude Include="Source\DirectXStuff\Bindable\VertexBuffer.h" />
    <ClInclude Include="Source\DirectXStuff\Bindable\Topology.h" />
    <ClInclude Include="Source\DirectXStuff\Bindable\TransformCBuffer.h" />
    <ClInclude Include="Source\DirectXStuff\Bindable\ConstantBuffer.h" />
    <ClInclude Include="Source\DirectXStuff\Drawable\Drawable.h" />
    <ClInclude Include="Source\DirectXStuff\Drawable\Box.h" />
    <ClInclude Include="Source\Error Handling\Exceptions.h" />
    <ClInclude Include="Source\DirectXStuff\Drawable\DrawableBase.h" />
    <ClInclude Include="Source\DirectXStuff\Drawable\Plane.h" />
    <ClInclude Include="Source\DirectXStuff\Drawable\Cone.h" />
    <ClInclude Include="Source\DirectXStuff\Drawable\Prism.h" />
    <ClInclude Include="Source\DirectXStuff\Drawable\Sphere.h" />
    <ClInclude Include="Source\DirectXStuff\Drawable\SoupMath.h" />
    <ClInclude Include="Source\DirectXStuff\Drawable\IndexedTriangleList.h" />
    <ClInclude Include="Source\DirectXStuff\Drawable\Cube.h" />
    <ClInclude Include="Source\DirectXStuff\Drawable\Melon.h" />
    <ClInclude Include="Source\DirectXStuff\Drawable\Pyramid.h" />
    <ClInclude Include="Source\DirectXStuff\Drawable\BindableBase.h" />
    <ClInclude Include="Source\DirectXStuff\Textures\Surface.h" />
    <ClInclude Include="Source\DirectXStuff\Textures\GDIPlusManager.h" />
    <ClInclude Include="Source\DirectXStuff\Bindable\Texture.h" />
    <ClInclude Include="Source\DirectXStuff\Bindable\Sampler.h" />
    <ClInclude Include="Source\DirectXStuff\Drawable\Sheet.h" />
    <ClInclude Include="Source\Error Handling\SurfaceException.h" />
    <ClInclude Include="Source\DirectXStuff\Drawable\SkinnedBox.h" />
    <ClInclude Include="Source\ImGui\imconfig.h" />
    <ClInclude Include="Source\ImGui\imgui.h" />
    <ClInclude Include="Source\ImGui\imgui_internal.h" />
    <ClInclude Include="Source\ImGui\imstb_rectpack.h" />
    <ClInclude Include="Source\ImGui\imstb_textedit.h" />
    <ClInclude Include="Source\ImGui\imstb_truetype.h" />
    <ClInclude Include="Source\ImGui\ImguiManager.h" />
    <ClInclude Include="Source\ImGui\imgui_impl_win32.h" />
    <ClInclude Include="Source\ImGui\imgui_impl_dx11.h" />
    <ClInclude Include="Source\Other\Camera.h" />
  </ItemGroup>
  <ItemGroup>
    <None Include="Source\Error Handling\DXGetErrorDescription.inl">
      <Filter>Source\Error Handling</Filter>
    </None>
    <None Include="Source\Error Handling\DXGetErrorString.inl">
      <Filter>Source\Error Handling</Filter>
    </None>
    <None Include="Source\Error Handling\DXTrace.inl">
      <Filter>Source\Error Handling</Filter>
    </None>
  </ItemGroup>
  <ItemGroup>
    <FxCompile Include="Source\Shaders\ColorBlendPS.hlsl" />
    <FxCompile Include="Source\Shaders\ColorBlendVS.hlsl" />
    <FxCompile Include="Source\Shaders\ColorIndexPS.hlsl">
      <Filter>Source\Shaders</Filter>
    </FxCompile>
    <FxCompile Include="Source\Shaders\ColorIndexVS.hlsl">
      <Filter>Source\Shaders</Filter>
    </FxCompile>
    <FxCompile Include="Source\Shaders\TexturePS.hlsl" />
    <FxCompile Include="Source\Shaders\TextureVS.hlsl" />
  </ItemGroup>
</Project>